
Microsoft Visual Studio Solution File, Format Version 11.00
# Visual Studio 2010
Project("{FAE04EC0-301F-11D3-BF4B-00C04F79EFBC}") = "SpeechToText", "SpeechToText\SpeechToText.csproj", "{FD6A83BE-E9C3-4AE5-8C0D-02D3A7495E9E}"
EndProject
Project("{2150E333-8FDC-42A3-9474-1A3956D46DE8}") = "Solution Items", "Solution Items", "{CD1A83EA-149C-458B-9BBD-350ED88C0E76}"
	ProjectSection(SolutionItems) = preProject
		english_words.txt = english_words.txt
	EndProjectSection
EndProject
Global
	GlobalSection(SolutionConfigurationPlatforms) = preSolution
		Debug|x86 = Debug|x86
		Release|x86 = Release|x86
	EndGlobalSection
	GlobalSection(ProjectConfigurationPlatforms) = postSolution
		{FD6A83BE-E9C3-4AE5-8C0D-02D3A7495E9E}.Debug|x86.ActiveCfg = Debug|x86
		{FD6A83BE-E9C3-4AE5-8C0D-02D3A7495E9E}.Debug|x86.Build.0 = Debug|x86
		{FD6A83BE-E9C3-4AE5-8C0D-02D3A7495E9E}.Release|x86.ActiveCfg = Release|x86
		{FD6A83BE-E9C3-4AE5-8C0D-02D3A7495E9E}.Release|x86.Build.0 = Release|x86
	EndGlobalSection
	GlobalSection(SolutionProperties) = preSolution
		HideSolutionNode = FALSE
	EndGlobalSection
EndGlobal
